// !$*UTF8*$!
{
	archiveVersion = 1;
	classes = {
	};
	objectVersion = 56;
	objects = {

/* Begin PBXBuildFile section */
		BF3307B72A74DE360044D4A1 /* BoomerangApp.swift in Sources */ = {isa = PBXBuildFile; fileRef = BF3307B62A74DE360044D4A1 /* BoomerangApp.swift */; };
		BF3307BB2A74DE370044D4A1 /* Assets.xcassets in Resources */ = {isa = PBXBuildFile; fileRef = BF3307BA2A74DE370044D4A1 /* Assets.xcassets */; };
		BF3307BE2A74DE370044D4A1 /* Preview Assets.xcassets in Resources */ = {isa = PBXBuildFile; fileRef = BF3307BD2A74DE370044D4A1 /* Preview Assets.xcassets */; };
		BF3307C02A74DE370044D4A1 /* Persistence.swift in Sources */ = {isa = PBXBuildFile; fileRef = BF3307BF2A74DE370044D4A1 /* Persistence.swift */; };
		BF3307C32A74DE370044D4A1 /* Boomerang.xcdatamodeld in Sources */ = {isa = PBXBuildFile; fileRef = BF3307C12A74DE370044D4A1 /* Boomerang.xcdatamodeld */; };
		BF3307CA2A74E41C0044D4A1 /* HomeView.swift in Sources */ = {isa = PBXBuildFile; fileRef = BF3307C92A74E41C0044D4A1 /* HomeView.swift */; };
		BF3307CF2A74E8F50044D4A1 /* CustomTabBar.swift in Sources */ = {isa = PBXBuildFile; fileRef = BF3307CE2A74E8F50044D4A1 /* CustomTabBar.swift */; };
		BF3307D12A74E9220044D4A1 /* RootView.swift in Sources */ = {isa = PBXBuildFile; fileRef = BF3307D02A74E9220044D4A1 /* RootView.swift */; };
		BF3307D42A74EA030044D4A1 /* Fonts.swift in Sources */ = {isa = PBXBuildFile; fileRef = BF3307D32A74EA030044D4A1 /* Fonts.swift */; };
		BF3307D82A74F15A0044D4A1 /* TabBarButton.swift in Sources */ = {isa = PBXBuildFile; fileRef = BF3307D72A74F15A0044D4A1 /* TabBarButton.swift */; };
		BF3307DB2A74F8DC0044D4A1 /* PopupView in Frameworks */ = {isa = PBXBuildFile; productRef = BF3307DA2A74F8DC0044D4A1 /* PopupView */; };
		BF3307DD2A74FA880044D4A1 /* PopUpView.swift in Sources */ = {isa = PBXBuildFile; fileRef = BF3307DC2A74FA880044D4A1 /* PopUpView.swift */; };
		BF3307E22A7504860044D4A1 /* Poppins-Bold.ttf in Resources */ = {isa = PBXBuildFile; fileRef = BF3307DF2A7504860044D4A1 /* Poppins-Bold.ttf */; };
		BF3307E32A7504860044D4A1 /* Poppins-Medium.ttf in Resources */ = {isa = PBXBuildFile; fileRef = BF3307E02A7504860044D4A1 /* Poppins-Medium.ttf */; };
		BF3307E42A7504860044D4A1 /* Poppins-Regular.ttf in Resources */ = {isa = PBXBuildFile; fileRef = BF3307E12A7504860044D4A1 /* Poppins-Regular.ttf */; };
		BF78748F2A7A3099003CD75C /* NotificationHandler.swift in Sources */ = {isa = PBXBuildFile; fileRef = BF78748E2A7A3099003CD75C /* NotificationHandler.swift */; };
		BF7874982A7AA093003CD75C /* Spacers.swift in Sources */ = {isa = PBXBuildFile; fileRef = BF7874972A7AA093003CD75C /* Spacers.swift */; };
		BFC4DE742AA804EE0007047A /* Version.swift in Sources */ = {isa = PBXBuildFile; fileRef = BFC4DE732AA804EE0007047A /* Version.swift */; };
		BFCD0A942A7D326B00E4EEDC /* SettingView.swift in Sources */ = {isa = PBXBuildFile; fileRef = BFCD0A932A7D326B00E4EEDC /* SettingView.swift */; };
		BFCD1B7B2ADCD39F00F5A58D /* Colors++.swift in Sources */ = {isa = PBXBuildFile; fileRef = BFCD1B7A2ADCD39F00F5A58D /* Colors++.swift */; };
		BFCD1B7D2ADCDC4100F5A58D /* BoomerangCardView.swift in Sources */ = {isa = PBXBuildFile; fileRef = BFCD1B7C2ADCDC4100F5A58D /* BoomerangCardView.swift */; };
		BFCD1B7F2ADCE02D00F5A58D /* Date.swift in Sources */ = {isa = PBXBuildFile; fileRef = BFCD1B7E2ADCE02D00F5A58D /* Date.swift */; };
		BFE4D53C2AE170B6000AB433 /* OnBoardingView.swift in Sources */ = {isa = PBXBuildFile; fileRef = BFE4D53B2AE170B6000AB433 /* OnBoardingView.swift */; };
		BFE4D53F2AE17200000AB433 /* Lottie in Frameworks */ = {isa = PBXBuildFile; productRef = BFE4D53E2AE17200000AB433 /* Lottie */; };
		BFE4D5442AE17530000AB433 /* LottieHandler.swift in Sources */ = {isa = PBXBuildFile; fileRef = BFE4D5432AE17530000AB433 /* LottieHandler.swift */; };
		BFE4D5462AE17820000AB433 /* onBoarding.json in Resources */ = {isa = PBXBuildFile; fileRef = BFE4D5452AE17820000AB433 /* onBoarding.json */; };
		BFE4D54A2AE185E7000AB433 /* onBoarding2.json in Resources */ = {isa = PBXBuildFile; fileRef = BFE4D5492AE185E7000AB433 /* onBoarding2.json */; };
		BFE4D54E2AE18FAB000AB433 /* OnBoardingPhase.swift in Sources */ = {isa = PBXBuildFile; fileRef = BFE4D54D2AE18FAB000AB433 /* OnBoardingPhase.swift */; };
		BFEC79E02AA1885000F85F0A /* HeaderView.swift in Sources */ = {isa = PBXBuildFile; fileRef = BFEC79DF2AA1885000F85F0A /* HeaderView.swift */; };
		BFEC79E62AA1934300F85F0A /* ItemCardViewModel.swift in Sources */ = {isa = PBXBuildFile; fileRef = BFEC79E52AA1934300F85F0A /* ItemCardViewModel.swift */; };
		BFEC79EB2AA19ABC00F85F0A /* SettingViewModel.swift in Sources */ = {isa = PBXBuildFile; fileRef = BFEC79EA2AA19ABC00F85F0A /* SettingViewModel.swift */; };
		BFFDF6682AB023FC00EB98FD /* LaunchScreen.storyboard in Resources */ = {isa = PBXBuildFile; fileRef = BFFDF6672AB023FC00EB98FD /* LaunchScreen.storyboard */; };
/* End PBXBuildFile section */

/* Begin PBXFileReference section */
		BF3307B32A74DE360044D4A1 /* Boomerang.app */ = {isa = PBXFileReference; explicitFileType = wrapper.application; includeInIndex = 0; path = Boomerang.app; sourceTree = BUILT_PRODUCTS_DIR; };
		BF3307B62A74DE360044D4A1 /* BoomerangApp.swift */ = {isa = PBXFileReference; lastKnownFileType = sourcecode.swift; path = BoomerangApp.swift; sourceTree = "<group>"; };
		BF3307BA2A74DE370044D4A1 /* Assets.xcassets */ = {isa = PBXFileReference; lastKnownFileType = folder.assetcatalog; path = Assets.xcassets; sourceTree = "<group>"; };
		BF3307BD2A74DE370044D4A1 /* Preview Assets.xcassets */ = {isa = PBXFileReference; lastKnownFileType = folder.assetcatalog; path = "Preview Assets.xcassets"; sourceTree = "<group>"; };
		BF3307BF2A74DE370044D4A1 /* Persistence.swift */ = {isa = PBXFileReference; lastKnownFileType = sourcecode.swift; path = Persistence.swift; sourceTree = "<group>"; };
		BF3307C22A74DE370044D4A1 /* Boomerang.xcdatamodel */ = {isa = PBXFileReference; lastKnownFileType = wrapper.xcdatamodel; path = Boomerang.xcdatamodel; sourceTree = "<group>"; };
		BF3307C92A74E41C0044D4A1 /* HomeView.swift */ = {isa = PBXFileReference; lastKnownFileType = sourcecode.swift; path = HomeView.swift; sourceTree = "<group>"; };
		BF3307CE2A74E8F50044D4A1 /* CustomTabBar.swift */ = {isa = PBXFileReference; lastKnownFileType = sourcecode.swift; path = CustomTabBar.swift; sourceTree = "<group>"; };
		BF3307D02A74E9220044D4A1 /* RootView.swift */ = {isa = PBXFileReference; lastKnownFileType = sourcecode.swift; path = RootView.swift; sourceTree = "<group>"; };
		BF3307D32A74EA030044D4A1 /* Fonts.swift */ = {isa = PBXFileReference; lastKnownFileType = sourcecode.swift; path = Fonts.swift; sourceTree = "<group>"; };
		BF3307D72A74F15A0044D4A1 /* TabBarButton.swift */ = {isa = PBXFileReference; lastKnownFileType = sourcecode.swift; path = TabBarButton.swift; sourceTree = "<group>"; };
		BF3307DC2A74FA880044D4A1 /* PopUpView.swift */ = {isa = PBXFileReference; lastKnownFileType = sourcecode.swift; path = PopUpView.swift; sourceTree = "<group>"; };
		BF3307DF2A7504860044D4A1 /* Poppins-Bold.ttf */ = {isa = PBXFileReference; lastKnownFileType = file; path = "Poppins-Bold.ttf"; sourceTree = "<group>"; };
		BF3307E02A7504860044D4A1 /* Poppins-Medium.ttf */ = {isa = PBXFileReference; lastKnownFileType = file; path = "Poppins-Medium.ttf"; sourceTree = "<group>"; };
		BF3307E12A7504860044D4A1 /* Poppins-Regular.ttf */ = {isa = PBXFileReference; lastKnownFileType = file; path = "Poppins-Regular.ttf"; sourceTree = "<group>"; };
		BF3307E52A7504990044D4A1 /* Info.plist */ = {isa = PBXFileReference; lastKnownFileType = text.plist; path = Info.plist; sourceTree = "<group>"; };
		BF78748E2A7A3099003CD75C /* NotificationHandler.swift */ = {isa = PBXFileReference; lastKnownFileType = sourcecode.swift; path = NotificationHandler.swift; sourceTree = "<group>"; };
		BF7874972A7AA093003CD75C /* Spacers.swift */ = {isa = PBXFileReference; lastKnownFileType = sourcecode.swift; path = Spacers.swift; sourceTree = "<group>"; };
		BFC4DE732AA804EE0007047A /* Version.swift */ = {isa = PBXFileReference; lastKnownFileType = sourcecode.swift; path = Version.swift; sourceTree = "<group>"; };
		BFCD0A932A7D326B00E4EEDC /* SettingView.swift */ = {isa = PBXFileReference; lastKnownFileType = sourcecode.swift; path = SettingView.swift; sourceTree = "<group>"; };
		BFCD1B7A2ADCD39F00F5A58D /* Colors++.swift */ = {isa = PBXFileReference; lastKnownFileType = sourcecode.swift; path = "Colors++.swift"; sourceTree = "<group>"; };
		BFCD1B7C2ADCDC4100F5A58D /* BoomerangCardView.swift */ = {isa = PBXFileReference; lastKnownFileType = sourcecode.swift; path = BoomerangCardView.swift; sourceTree = "<group>"; };
		BFCD1B7E2ADCE02D00F5A58D /* Date.swift */ = {isa = PBXFileReference; lastKnownFileType = sourcecode.swift; path = Date.swift; sourceTree = "<group>"; };
		BFE4D53B2AE170B6000AB433 /* OnBoardingView.swift */ = {isa = PBXFileReference; lastKnownFileType = sourcecode.swift; path = OnBoardingView.swift; sourceTree = "<group>"; };
		BFE4D5432AE17530000AB433 /* LottieHandler.swift */ = {isa = PBXFileReference; lastKnownFileType = sourcecode.swift; path = LottieHandler.swift; sourceTree = "<group>"; };
		BFE4D5452AE17820000AB433 /* onBoarding.json */ = {isa = PBXFileReference; fileEncoding = 4; lastKnownFileType = text.json; path = onBoarding.json; sourceTree = "<group>"; };
		BFE4D5492AE185E7000AB433 /* onBoarding2.json */ = {isa = PBXFileReference; fileEncoding = 4; lastKnownFileType = text.json; path = onBoarding2.json; sourceTree = "<group>"; };
		BFE4D54D2AE18FAB000AB433 /* OnBoardingPhase.swift */ = {isa = PBXFileReference; lastKnownFileType = sourcecode.swift; path = OnBoardingPhase.swift; sourceTree = "<group>"; };
		BFEC79DF2AA1885000F85F0A /* HeaderView.swift */ = {isa = PBXFileReference; lastKnownFileType = sourcecode.swift; path = HeaderView.swift; sourceTree = "<group>"; };
		BFEC79E52AA1934300F85F0A /* ItemCardViewModel.swift */ = {isa = PBXFileReference; lastKnownFileType = sourcecode.swift; path = ItemCardViewModel.swift; sourceTree = "<group>"; };
		BFEC79EA2AA19ABC00F85F0A /* SettingViewModel.swift */ = {isa = PBXFileReference; lastKnownFileType = sourcecode.swift; path = SettingViewModel.swift; sourceTree = "<group>"; };
		BFFDF6672AB023FC00EB98FD /* LaunchScreen.storyboard */ = {isa = PBXFileReference; lastKnownFileType = file.storyboard; path = LaunchScreen.storyboard; sourceTree = "<group>"; };
/* End PBXFileReference section */

/* Begin PBXFrameworksBuildPhase section */
		BF3307B02A74DE360044D4A1 /* Frameworks */ = {
			isa = PBXFrameworksBuildPhase;
			buildActionMask = 2147483647;
			files = (
				BF3307DB2A74F8DC0044D4A1 /* PopupView in Frameworks */,
				BFE4D53F2AE17200000AB433 /* Lottie in Frameworks */,
			);
			runOnlyForDeploymentPostprocessing = 0;
		};
/* End PBXFrameworksBuildPhase section */

/* Begin PBXGroup section */
		BF3307AA2A74DE360044D4A1 = {
			isa = PBXGroup;
			children = (
				BF3307B52A74DE360044D4A1 /* Boomerang */,
				BF3307B42A74DE360044D4A1 /* Products */,
			);
			sourceTree = "<group>";
		};
		BF3307B42A74DE360044D4A1 /* Products */ = {
			isa = PBXGroup;
			children = (
				BF3307B32A74DE360044D4A1 /* Boomerang.app */,
			);
			name = Products;
			sourceTree = "<group>";
		};
		BF3307B52A74DE360044D4A1 /* Boomerang */ = {
			isa = PBXGroup;
			children = (
				BF3307E52A7504990044D4A1 /* Info.plist */,
				BF3307DE2A7504240044D4A1 /* Fonts */,
				BF3307B62A74DE360044D4A1 /* BoomerangApp.swift */,
				BFC4DE732AA804EE0007047A /* Version.swift */,
				BFE4D5402AE1720C000AB433 /* Lottie Files */,
				BF78748D2A7A3084003CD75C /* Handlers */,
				BF3307D22A74E9F80044D4A1 /* Helpers */,
				BFEC79E72AA1960F00F85F0A /* ViewModel */,
				BF3307CD2A74E8EB0044D4A1 /* View */,
				BF3307BA2A74DE370044D4A1 /* Assets.xcassets */,
				BF3307BF2A74DE370044D4A1 /* Persistence.swift */,
				BF3307C12A74DE370044D4A1 /* Boomerang.xcdatamodeld */,
				BF3307BC2A74DE370044D4A1 /* Preview Content */,
			);
			path = Boomerang;
			sourceTree = "<group>";
		};
		BF3307BC2A74DE370044D4A1 /* Preview Content */ = {
			isa = PBXGroup;
			children = (
				BF3307BD2A74DE370044D4A1 /* Preview Assets.xcassets */,
			);
			path = "Preview Content";
			sourceTree = "<group>";
		};
		BF3307CC2A74E8DF0044D4A1 /* CustomTabBar */ = {
			isa = PBXGroup;
			children = (
				BF3307CE2A74E8F50044D4A1 /* CustomTabBar.swift */,
				BF3307D72A74F15A0044D4A1 /* TabBarButton.swift */,
			);
			path = CustomTabBar;
			sourceTree = "<group>";
		};
		BF3307CD2A74E8EB0044D4A1 /* View */ = {
			isa = PBXGroup;
			children = (
				BFE4D53A2AE170A5000AB433 /* OnBoarding */,
				BF3307D02A74E9220044D4A1 /* RootView.swift */,
				BF3307C92A74E41C0044D4A1 /* HomeView.swift */,
				BFCD1B7C2ADCDC4100F5A58D /* BoomerangCardView.swift */,
				BF3307DC2A74FA880044D4A1 /* PopUpView.swift */,
				BFEC79DF2AA1885000F85F0A /* HeaderView.swift */,
				BFCD0A932A7D326B00E4EEDC /* SettingView.swift */,
				BFFDF6672AB023FC00EB98FD /* LaunchScreen.storyboard */,
				BF3307CC2A74E8DF0044D4A1 /* CustomTabBar */,
			);
			path = View;
			sourceTree = "<group>";
		};
		BF3307D22A74E9F80044D4A1 /* Helpers */ = {
			isa = PBXGroup;
			children = (
				BF3307D32A74EA030044D4A1 /* Fonts.swift */,
				BF7874972A7AA093003CD75C /* Spacers.swift */,
				BFCD1B7A2ADCD39F00F5A58D /* Colors++.swift */,
				BFCD1B7E2ADCE02D00F5A58D /* Date.swift */,
			);
			path = Helpers;
			sourceTree = "<group>";
		};
		BF3307DE2A7504240044D4A1 /* Fonts */ = {
			isa = PBXGroup;
			children = (
				BF3307DF2A7504860044D4A1 /* Poppins-Bold.ttf */,
				BF3307E02A7504860044D4A1 /* Poppins-Medium.ttf */,
				BF3307E12A7504860044D4A1 /* Poppins-Regular.ttf */,
			);
			path = Fonts;
			sourceTree = "<group>";
		};
		BF78748D2A7A3084003CD75C /* Handlers */ = {
			isa = PBXGroup;
			children = (
				BF78748E2A7A3099003CD75C /* NotificationHandler.swift */,
				BFE4D5432AE17530000AB433 /* LottieHandler.swift */,
			);
			path = Handlers;
			sourceTree = "<group>";
		};
		BFE4D53A2AE170A5000AB433 /* OnBoarding */ = {
			isa = PBXGroup;
			children = (
				BFE4D53B2AE170B6000AB433 /* OnBoardingView.swift */,
				BFE4D54D2AE18FAB000AB433 /* OnBoardingPhase.swift */,
			);
			path = OnBoarding;
			sourceTree = "<group>";
		};
		BFE4D5402AE1720C000AB433 /* Lottie Files */ = {
			isa = PBXGroup;
			children = (
				BFE4D5452AE17820000AB433 /* onBoarding.json */,
				BFE4D5492AE185E7000AB433 /* onBoarding2.json */,
			);
			path = "Lottie Files";
			sourceTree = "<group>";
		};
		BFEC79E72AA1960F00F85F0A /* ViewModel */ = {
			isa = PBXGroup;
			children = (
				BFEC79E52AA1934300F85F0A /* ItemCardViewModel.swift */,
				BFEC79EA2AA19ABC00F85F0A /* SettingViewModel.swift */,
			);
			path = ViewModel;
			sourceTree = "<group>";
		};
/* End PBXGroup section */

/* Begin PBXNativeTarget section */
		BF3307B22A74DE360044D4A1 /* Boomerang */ = {
			isa = PBXNativeTarget;
			buildConfigurationList = BF3307C62A74DE370044D4A1 /* Build configuration list for PBXNativeTarget "Boomerang" */;
			buildPhases = (
				BF3307AF2A74DE360044D4A1 /* Sources */,
				BF3307B02A74DE360044D4A1 /* Frameworks */,
				BF3307B12A74DE360044D4A1 /* Resources */,
			);
			buildRules = (
			);
			dependencies = (
			);
			name = Boomerang;
			packageProductDependencies = (
				BF3307DA2A74F8DC0044D4A1 /* PopupView */,
				BFE4D53E2AE17200000AB433 /* Lottie */,
			);
			productName = Boomerang;
			productReference = BF3307B32A74DE360044D4A1 /* Boomerang.app */;
			productType = "com.apple.product-type.application";
		};
/* End PBXNativeTarget section */

/* Begin PBXProject section */
		BF3307AB2A74DE360044D4A1 /* Project object */ = {
			isa = PBXProject;
			attributes = {
				BuildIndependentTargetsInParallel = 1;
				LastSwiftUpdateCheck = 1430;
				LastUpgradeCheck = 1430;
				TargetAttributes = {
					BF3307B22A74DE360044D4A1 = {
						CreatedOnToolsVersion = 14.3.1;
					};
				};
			};
			buildConfigurationList = BF3307AE2A74DE360044D4A1 /* Build configuration list for PBXProject "Boomerang" */;
			compatibilityVersion = "Xcode 14.0";
			developmentRegion = en;
			hasScannedForEncodings = 0;
			knownRegions = (
				en,
				Base,
			);
			mainGroup = BF3307AA2A74DE360044D4A1;
			packageReferences = (
				BF3307D92A74F8DC0044D4A1 /* XCRemoteSwiftPackageReference "PopupView" */,
				BFE4D53D2AE17200000AB433 /* XCRemoteSwiftPackageReference "lottie-ios" */,
			);
			productRefGroup = BF3307B42A74DE360044D4A1 /* Products */;
			projectDirPath = "";
			projectRoot = "";
			targets = (
				BF3307B22A74DE360044D4A1 /* Boomerang */,
			);
		};
/* End PBXProject section */

/* Begin PBXResourcesBuildPhase section */
		BF3307B12A74DE360044D4A1 /* Resources */ = {
			isa = PBXResourcesBuildPhase;
			buildActionMask = 2147483647;
			files = (
				BF3307BE2A74DE370044D4A1 /* Preview Assets.xcassets in Resources */,
				BF3307E32A7504860044D4A1 /* Poppins-Medium.ttf in Resources */,
				BF3307E22A7504860044D4A1 /* Poppins-Bold.ttf in Resources */,
				BFFDF6682AB023FC00EB98FD /* LaunchScreen.storyboard in Resources */,
				BFE4D5462AE17820000AB433 /* onBoarding.json in Resources */,
				BFE4D54A2AE185E7000AB433 /* onBoarding2.json in Resources */,
				BF3307BB2A74DE370044D4A1 /* Assets.xcassets in Resources */,
				BF3307E42A7504860044D4A1 /* Poppins-Regular.ttf in Resources */,
			);
			runOnlyForDeploymentPostprocessing = 0;
		};
/* End PBXResourcesBuildPhase section */

/* Begin PBXSourcesBuildPhase section */
		BF3307AF2A74DE360044D4A1 /* Sources */ = {
			isa = PBXSourcesBuildPhase;
			buildActionMask = 2147483647;
			files = (
				BF3307D42A74EA030044D4A1 /* Fonts.swift in Sources */,
				BF78748F2A7A3099003CD75C /* NotificationHandler.swift in Sources */,
				BFCD1B7B2ADCD39F00F5A58D /* Colors++.swift in Sources */,
				BF3307C32A74DE370044D4A1 /* Boomerang.xcdatamodeld in Sources */,
				BFEC79E62AA1934300F85F0A /* ItemCardViewModel.swift in Sources */,
				BFEC79EB2AA19ABC00F85F0A /* SettingViewModel.swift in Sources */,
				BF3307C02A74DE370044D4A1 /* Persistence.swift in Sources */,
				BF7874982A7AA093003CD75C /* Spacers.swift in Sources */,
				BFE4D53C2AE170B6000AB433 /* OnBoardingView.swift in Sources */,
				BF3307CA2A74E41C0044D4A1 /* HomeView.swift in Sources */,
				BFC4DE742AA804EE0007047A /* Version.swift in Sources */,
				BFCD1B7F2ADCE02D00F5A58D /* Date.swift in Sources */,
				BF3307DD2A74FA880044D4A1 /* PopUpView.swift in Sources */,
				BFE4D54E2AE18FAB000AB433 /* OnBoardingPhase.swift in Sources */,
				BFCD0A942A7D326B00E4EEDC /* SettingView.swift in Sources */,
				BF3307D82A74F15A0044D4A1 /* TabBarButton.swift in Sources */,
				BF3307D12A74E9220044D4A1 /* RootView.swift in Sources */,
				BF3307CF2A74E8F50044D4A1 /* CustomTabBar.swift in Sources */,
				BF3307B72A74DE360044D4A1 /* BoomerangApp.swift in Sources */,
				BFEC79E02AA1885000F85F0A /* HeaderView.swift in Sources */,
				BFCD1B7D2ADCDC4100F5A58D /* BoomerangCardView.swift in Sources */,
				BFE4D5442AE17530000AB433 /* LottieHandler.swift in Sources */,
			);
			runOnlyForDeploymentPostprocessing = 0;
		};
/* End PBXSourcesBuildPhase section */

/* Begin XCBuildConfiguration section */
		BF3307C42A74DE370044D4A1 /* Debug */ = {
			isa = XCBuildConfiguration;
			buildSettings = {
				ALWAYS_SEARCH_USER_PATHS = NO;
				CLANG_ANALYZER_NONNULL = YES;
				CLANG_ANALYZER_NUMBER_OBJECT_CONVERSION = YES_AGGRESSIVE;
				CLANG_CXX_LANGUAGE_STANDARD = "gnu++20";
				CLANG_ENABLE_MODULES = YES;
				CLANG_ENABLE_OBJC_ARC = YES;
				CLANG_ENABLE_OBJC_WEAK = YES;
				CLANG_WARN_BLOCK_CAPTURE_AUTORELEASING = YES;
				CLANG_WARN_BOOL_CONVERSION = YES;
				CLANG_WARN_COMMA = YES;
				CLANG_WARN_CONSTANT_CONVERSION = YES;
				CLANG_WARN_DEPRECATED_OBJC_IMPLEMENTATIONS = YES;
				CLANG_WARN_DIRECT_OBJC_ISA_USAGE = YES_ERROR;
				CLANG_WARN_DOCUMENTATION_COMMENTS = YES;
				CLANG_WARN_EMPTY_BODY = YES;
				CLANG_WARN_ENUM_CONVERSION = YES;
				CLANG_WARN_INFINITE_RECURSION = YES;
				CLANG_WARN_INT_CONVERSION = YES;
				CLANG_WARN_NON_LITERAL_NULL_CONVERSION = YES;
				CLANG_WARN_OBJC_IMPLICIT_RETAIN_SELF = YES;
				CLANG_WARN_OBJC_LITERAL_CONVERSION = YES;
				CLANG_WARN_OBJC_ROOT_CLASS = YES_ERROR;
				CLANG_WARN_QUOTED_INCLUDE_IN_FRAMEWORK_HEADER = YES;
				CLANG_WARN_RANGE_LOOP_ANALYSIS = YES;
				CLANG_WARN_STRICT_PROTOTYPES = YES;
				CLANG_WARN_SUSPICIOUS_MOVE = YES;
				CLANG_WARN_UNGUARDED_AVAILABILITY = YES_AGGRESSIVE;
				CLANG_WARN_UNREACHABLE_CODE = YES;
				CLANG_WARN__DUPLICATE_METHOD_MATCH = YES;
				COPY_PHASE_STRIP = NO;
				DEBUG_INFORMATION_FORMAT = dwarf;
				ENABLE_STRICT_OBJC_MSGSEND = YES;
				ENABLE_TESTABILITY = YES;
				GCC_C_LANGUAGE_STANDARD = gnu11;
				GCC_DYNAMIC_NO_PIC = NO;
				GCC_NO_COMMON_BLOCKS = YES;
				GCC_OPTIMIZATION_LEVEL = 0;
				GCC_PREPROCESSOR_DEFINITIONS = (
					"DEBUG=1",
					"$(inherited)",
				);
				GCC_WARN_64_TO_32_BIT_CONVERSION = YES;
				GCC_WARN_ABOUT_RETURN_TYPE = YES_ERROR;
				GCC_WARN_UNDECLARED_SELECTOR = YES;
				GCC_WARN_UNINITIALIZED_AUTOS = YES_AGGRESSIVE;
				GCC_WARN_UNUSED_FUNCTION = YES;
				GCC_WARN_UNUSED_VARIABLE = YES;
				IPHONEOS_DEPLOYMENT_TARGET = 16.4;
				MTL_ENABLE_DEBUG_INFO = INCLUDE_SOURCE;
				MTL_FAST_MATH = YES;
				ONLY_ACTIVE_ARCH = YES;
				SDKROOT = iphoneos;
				SWIFT_ACTIVE_COMPILATION_CONDITIONS = DEBUG;
				SWIFT_OPTIMIZATION_LEVEL = "-Onone";
			};
			name = Debug;
		};
		BF3307C52A74DE370044D4A1 /* Release */ = {
			isa = XCBuildConfiguration;
			buildSettings = {
				ALWAYS_SEARCH_USER_PATHS = NO;
				CLANG_ANALYZER_NONNULL = YES;
				CLANG_ANALYZER_NUMBER_OBJECT_CONVERSION = YES_AGGRESSIVE;
				CLANG_CXX_LANGUAGE_STANDARD = "gnu++20";
				CLANG_ENABLE_MODULES = YES;
				CLANG_ENABLE_OBJC_ARC = YES;
				CLANG_ENABLE_OBJC_WEAK = YES;
				CLANG_WARN_BLOCK_CAPTURE_AUTORELEASING = YES;
				CLANG_WARN_BOOL_CONVERSION = YES;
				CLANG_WARN_COMMA = YES;
				CLANG_WARN_CONSTANT_CONVERSION = YES;
				CLANG_WARN_DEPRECATED_OBJC_IMPLEMENTATIONS = YES;
				CLANG_WARN_DIRECT_OBJC_ISA_USAGE = YES_ERROR;
				CLANG_WARN_DOCUMENTATION_COMMENTS = YES;
				CLANG_WARN_EMPTY_BODY = YES;
				CLANG_WARN_ENUM_CONVERSION = YES;
				CLANG_WARN_INFINITE_RECURSION = YES;
				CLANG_WARN_INT_CONVERSION = YES;
				CLANG_WARN_NON_LITERAL_NULL_CONVERSION = YES;
				CLANG_WARN_OBJC_IMPLICIT_RETAIN_SELF = YES;
				CLANG_WARN_OBJC_LITERAL_CONVERSION = YES;
				CLANG_WARN_OBJC_ROOT_CLASS = YES_ERROR;
				CLANG_WARN_QUOTED_INCLUDE_IN_FRAMEWORK_HEADER = YES;
				CLANG_WARN_RANGE_LOOP_ANALYSIS = YES;
				CLANG_WARN_STRICT_PROTOTYPES = YES;
				CLANG_WARN_SUSPICIOUS_MOVE = YES;
				CLANG_WARN_UNGUARDED_AVAILABILITY = YES_AGGRESSIVE;
				CLANG_WARN_UNREACHABLE_CODE = YES;
				CLANG_WARN__DUPLICATE_METHOD_MATCH = YES;
				COPY_PHASE_STRIP = NO;
				DEBUG_INFORMATION_FORMAT = "dwarf-with-dsym";
				ENABLE_NS_ASSERTIONS = NO;
				ENABLE_STRICT_OBJC_MSGSEND = YES;
				GCC_C_LANGUAGE_STANDARD = gnu11;
				GCC_NO_COMMON_BLOCKS = YES;
				GCC_WARN_64_TO_32_BIT_CONVERSION = YES;
				GCC_WARN_ABOUT_RETURN_TYPE = YES_ERROR;
				GCC_WARN_UNDECLARED_SELECTOR = YES;
				GCC_WARN_UNINITIALIZED_AUTOS = YES_AGGRESSIVE;
				GCC_WARN_UNUSED_FUNCTION = YES;
				GCC_WARN_UNUSED_VARIABLE = YES;
				IPHONEOS_DEPLOYMENT_TARGET = 16.4;
				MTL_ENABLE_DEBUG_INFO = NO;
				MTL_FAST_MATH = YES;
				SDKROOT = iphoneos;
				SWIFT_COMPILATION_MODE = wholemodule;
				SWIFT_OPTIMIZATION_LEVEL = "-O";
				VALIDATE_PRODUCT = YES;
			};
			name = Release;
		};
		BF3307C72A74DE370044D4A1 /* Debug */ = {
			isa = XCBuildConfiguration;
			buildSettings = {
				ASSETCATALOG_COMPILER_APPICON_NAME = AppIcon;
				ASSETCATALOG_COMPILER_GLOBAL_ACCENT_COLOR_NAME = AccentColor;
				CODE_SIGN_STYLE = Automatic;
				CURRENT_PROJECT_VERSION = 1;
				DEVELOPMENT_ASSET_PATHS = "\"Boomerang/Preview Content\"";
				DEVELOPMENT_TEAM = L8QX5LU28U;
				ENABLE_PREVIEWS = YES;
				GENERATE_INFOPLIST_FILE = YES;
				INFOPLIST_FILE = Boomerang/Info.plist;
				INFOPLIST_KEY_LSApplicationCategoryType = "public.app-category.productivity";
				INFOPLIST_KEY_UIApplicationSceneManifest_Generation = YES;
				INFOPLIST_KEY_UIApplicationSupportsIndirectInputEvents = YES;
				INFOPLIST_KEY_UILaunchStoryboardName = LaunchScreen.storyboard;
				INFOPLIST_KEY_UISupportedInterfaceOrientations_iPad = "UIInterfaceOrientationPortrait UIInterfaceOrientationPortraitUpsideDown UIInterfaceOrientationLandscapeLeft UIInterfaceOrientationLandscapeRight";
				INFOPLIST_KEY_UISupportedInterfaceOrientations_iPhone = "UIInterfaceOrientationPortrait UIInterfaceOrientationLandscapeLeft UIInterfaceOrientationLandscapeRight";
				LD_RUNPATH_SEARCH_PATHS = (
					"$(inherited)",
					"@executable_path/Frameworks",
				);
				MARKETING_VERSION = 1.5;
				PRODUCT_BUNDLE_IDENTIFIER = au.edu.uts.student.Boomerang;
				PRODUCT_NAME = "$(TARGET_NAME)";
				SUPPORTED_PLATFORMS = "iphoneos iphonesimulator";
				SUPPORTS_MACCATALYST = NO;
				SUPPORTS_MAC_DESIGNED_FOR_IPHONE_IPAD = NO;
				SUPPORTS_XR_DESIGNED_FOR_IPHONE_IPAD = NO;
				SWIFT_EMIT_LOC_STRINGS = YES;
				SWIFT_VERSION = 5.0;
				TARGETED_DEVICE_FAMILY = 1;
			};
			name = Debug;
		};
		BF3307C82A74DE370044D4A1 /* Release */ = {
			isa = XCBuildConfiguration;
			buildSettings = {
				ASSETCATALOG_COMPILER_APPICON_NAME = AppIcon;
				ASSETCATALOG_COMPILER_GLOBAL_ACCENT_COLOR_NAME = AccentColor;
				CODE_SIGN_STYLE = Automatic;
				CURRENT_PROJECT_VERSION = 1;
				DEVELOPMENT_ASSET_PATHS = "\"Boomerang/Preview Content\"";
				DEVELOPMENT_TEAM = L8QX5LU28U;
				ENABLE_PREVIEWS = YES;
				GENERATE_INFOPLIST_FILE = YES;
				INFOPLIST_FILE = Boomerang/Info.plist;
				INFOPLIST_KEY_LSApplicationCategoryType = "public.app-category.productivity";
				INFOPLIST_KEY_UIApplicationSceneManifest_Generation = YES;
				INFOPLIST_KEY_UIApplicationSupportsIndirectInputEvents = YES;
				INFOPLIST_KEY_UILaunchStoryboardName = LaunchScreen.storyboard;
				INFOPLIST_KEY_UISupportedInterfaceOrientations_iPad = "UIInterfaceOrientationPortrait UIInterfaceOrientationPortraitUpsideDown UIInterfaceOrientationLandscapeLeft UIInterfaceOrientationLandscapeRight";
				INFOPLIST_KEY_UISupportedInterfaceOrientations_iPhone = "UIInterfaceOrientationPortrait UIInterfaceOrientationLandscapeLeft UIInterfaceOrientationLandscapeRight";
				LD_RUNPATH_SEARCH_PATHS = (
					"$(inherited)",
					"@executable_path/Frameworks",
				);
				MARKETING_VERSION = 1.5;
				PRODUCT_BUNDLE_IDENTIFIER = au.edu.uts.student.Boomerang;
				PRODUCT_NAME = "$(TARGET_NAME)";
				SUPPORTED_PLATFORMS = "iphoneos iphonesimulator";
				SUPPORTS_MACCATALYST = NO;
				SUPPORTS_MAC_DESIGNED_FOR_IPHONE_IPAD = NO;
				SUPPORTS_XR_DESIGNED_FOR_IPHONE_IPAD = NO;
				SWIFT_EMIT_LOC_STRINGS = YES;
				SWIFT_VERSION = 5.0;
				TARGETED_DEVICE_FAMILY = 1;
			};
			name = Release;
		};
/* End XCBuildConfiguration section */

/* Begin XCConfigurationList section */
		BF3307AE2A74DE360044D4A1 /* Build configuration list for PBXProject "Boomerang" */ = {
			isa = XCConfigurationList;
			buildConfigurations = (
				BF3307C42A74DE370044D4A1 /* Debug */,
				BF3307C52A74DE370044D4A1 /* Release */,
			);
			defaultConfigurationIsVisible = 0;
			defaultConfigurationName = Release;
		};
		BF3307C62A74DE370044D4A1 /* Build configuration list for PBXNativeTarget "Boomerang" */ = {
			isa = XCConfigurationList;
			buildConfigurations = (
				BF3307C72A74DE370044D4A1 /* Debug */,
				BF3307C82A74DE370044D4A1 /* Release */,
			);
			defaultConfigurationIsVisible = 0;
			defaultConfigurationName = Release;
		};
/* End XCConfigurationList section */

/* Begin XCRemoteSwiftPackageReference section */
		BF3307D92A74F8DC0044D4A1 /* XCRemoteSwiftPackageReference "PopupView" */ = {
			isa = XCRemoteSwiftPackageReference;
			repositoryURL = "https://github.com/Mijick/PopupView.git";
			requirement = {
				kind = upToNextMajorVersion;
				minimumVersion = 2.0.0;
			};
		};
		BFE4D53D2AE17200000AB433 /* XCRemoteSwiftPackageReference "lottie-ios" */ = {
			isa = XCRemoteSwiftPackageReference;
			repositoryURL = "https://github.com/airbnb/lottie-ios.git";
			requirement = {
				kind = upToNextMajorVersion;
				minimumVersion = 4.3.3;
			};
		};
/* End XCRemoteSwiftPackageReference section */

/* Begin XCSwiftPackageProductDependency section */
		BF3307DA2A74F8DC0044D4A1 /* PopupView */ = {
			isa = XCSwiftPackageProductDependency;
			package = BF3307D92A74F8DC0044D4A1 /* XCRemoteSwiftPackageReference "PopupView" */;
			productName = PopupView;
		};
		BFE4D53E2AE17200000AB433 /* Lottie */ = {
			isa = XCSwiftPackageProductDependency;
			package = BFE4D53D2AE17200000AB433 /* XCRemoteSwiftPackageReference "lottie-ios" */;
			productName = Lottie;
		};
/* End XCSwiftPackageProductDependency section */

/* Begin XCVersionGroup section */
		BF3307C12A74DE370044D4A1 /* Boomerang.xcdatamodeld */ = {
			isa = XCVersionGroup;
			children = (
				BF3307C22A74DE370044D4A1 /* Boomerang.xcdatamodel */,
			);
			currentVersion = BF3307C22A74DE370044D4A1 /* Boomerang.xcdatamodel */;
			path = Boomerang.xcdatamodeld;
			sourceTree = "<group>";
			versionGroupType = wrapper.xcdatamodel;
		};
/* End XCVersionGroup section */
	};
	rootObject = BF3307AB2A74DE360044D4A1 /* Project object */;
}
