// !$*UTF8*$!
{
	archiveVersion = 1;
	classes = {
	};
	objectVersion = 55;
	objects = {

/* Begin PBXBuildFile section */
		1E7CE98A42285DE31D997AF1 /* PopUpView.swift in Sources */ = {isa = PBXBuildFile; fileRef = 5954BC614EA40FA8334C94C3 /* PopUpView.swift */; };
		26702E2D4210985B11914EAA /* Spacers.swift in Sources */ = {isa = PBXBuildFile; fileRef = 74AC6A48EF50FD7A8A58E292 /* Spacers.swift */; };
		37B5291DD49268ECC318F2E8 /* Version.swift in Sources */ = {isa = PBXBuildFile; fileRef = D2D5D1A495EE6ABAD769D32B /* Version.swift */; };
		3EA7AC76BB34C71C95E681EB /* RootView.swift in Sources */ = {isa = PBXBuildFile; fileRef = D7FD322B78A1B235DB38B1A5 /* RootView.swift */; };
		43A7AAD8ABD24331D6B79CA1 /* CustomTabBar.swift in Sources */ = {isa = PBXBuildFile; fileRef = 49587016E634C9FEE96C205E /* CustomTabBar.swift */; };
		460281F3E4FEC62CDCD9367A /* LottieHandler.swift in Sources */ = {isa = PBXBuildFile; fileRef = 8D649D6913D84B7E30E9B6E2 /* LottieHandler.swift */; };
		4667C256331F76F685001DE9 /* Date.swift in Sources */ = {isa = PBXBuildFile; fileRef = 0A14675A7EFC386A9800718E /* Date.swift */; };
		59A9E78BD0AECAA95466B7E8 /* BoomerangApp.swift in Sources */ = {isa = PBXBuildFile; fileRef = 1E535EB0658C97E74E1100BE /* BoomerangApp.swift */; };
		5E85BF9DA48AD9D0ACC0D335 /* BoomerangCardView.swift in Sources */ = {isa = PBXBuildFile; fileRef = 60C817574AC01E11CC94E84A /* BoomerangCardView.swift */; };
		74FCDDFA867D16EEC671625C /* TabBarButton.swift in Sources */ = {isa = PBXBuildFile; fileRef = 64E64C298B0CB6454B320202 /* TabBarButton.swift */; };
		7B914859FF13BBDD62379E24 /* SettingView.swift in Sources */ = {isa = PBXBuildFile; fileRef = 1474EEEB66B02542B7095356 /* SettingView.swift */; };
		829CC8AC0AED53BF6389FDAA /* Persistence.swift in Sources */ = {isa = PBXBuildFile; fileRef = 3D1E503E8C7BBE48C97E0FCD /* Persistence.swift */; };
		87630A4EACCF719C22ADD067 /* TuistAssets+Boomerang.swift in Sources */ = {isa = PBXBuildFile; fileRef = 61576010DE3C8398913DEA4B /* TuistAssets+Boomerang.swift */; };
		975EC8104C628F770BC7AD3E /* HomeView.swift in Sources */ = {isa = PBXBuildFile; fileRef = D27867B6BBDF06AB5B13B27F /* HomeView.swift */; };
		97B0773284CE8BCF6529204E /* Assets.xcassets in Resources */ = {isa = PBXBuildFile; fileRef = 29B1D6B00F6E4168EC189C51 /* Assets.xcassets */; };
		9F26E42125D23E76CACCAE0F /* HeaderView.swift in Sources */ = {isa = PBXBuildFile; fileRef = 428F0D9F25A466FE67F8C82D /* HeaderView.swift */; };
		A66AC156AB35C0779402D39B /* ItemCardViewModel.swift in Sources */ = {isa = PBXBuildFile; fileRef = 9021961A140537AE01720A45 /* ItemCardViewModel.swift */; };
		ACB60DC75E925A9B7C2D9871 /* Fonts.swift in Sources */ = {isa = PBXBuildFile; fileRef = F2A091B0024AC1CBF75C4AAE /* Fonts.swift */; };
		B327EE08B484BD654392F545 /* TuistBundle+Boomerang.swift in Sources */ = {isa = PBXBuildFile; fileRef = F1030D9D5912E652730D00A9 /* TuistBundle+Boomerang.swift */; };
		BF2CEC300BAD092AFF19592B /* NotificationHandler.swift in Sources */ = {isa = PBXBuildFile; fileRef = 14B78A0444CC9D0E8F97BC67 /* NotificationHandler.swift */; };
		BF6E02D96F9C878BB3EE560A /* OnBoardingView.swift in Sources */ = {isa = PBXBuildFile; fileRef = 66AC24429FD603BB6223EBED /* OnBoardingView.swift */; };
		C657D450B1C4868F2D01B012 /* Colors++.swift in Sources */ = {isa = PBXBuildFile; fileRef = C5CAF376E7909617305D993E /* Colors++.swift */; };
		C9CF0A301CD049B6D6AD8112 /* OnBoardingPhase.swift in Sources */ = {isa = PBXBuildFile; fileRef = 5752A8F7EDF4BAC89EEFB3E8 /* OnBoardingPhase.swift */; };
		CA8F0432DAF0C81D6A4AE860 /* SettingViewModel.swift in Sources */ = {isa = PBXBuildFile; fileRef = 97F836D06E1F56060AB15204 /* SettingViewModel.swift */; };
/* End PBXBuildFile section */

/* Begin PBXCopyFilesBuildPhase section */
		053693CC74A5173BEB8A7A47 /* Embed Frameworks */ = {
			isa = PBXCopyFilesBuildPhase;
			buildActionMask = 2147483647;
			dstPath = "";
			dstSubfolderSpec = 10;
			files = (
			);
			name = "Embed Frameworks";
			runOnlyForDeploymentPostprocessing = 0;
		};
/* End PBXCopyFilesBuildPhase section */

/* Begin PBXFileReference section */
		0A14675A7EFC386A9800718E /* Date.swift */ = {isa = PBXFileReference; lastKnownFileType = sourcecode.swift; path = Date.swift; sourceTree = "<group>"; };
		1474EEEB66B02542B7095356 /* SettingView.swift */ = {isa = PBXFileReference; lastKnownFileType = sourcecode.swift; path = SettingView.swift; sourceTree = "<group>"; };
		14B78A0444CC9D0E8F97BC67 /* NotificationHandler.swift */ = {isa = PBXFileReference; lastKnownFileType = sourcecode.swift; path = NotificationHandler.swift; sourceTree = "<group>"; };
		1E535EB0658C97E74E1100BE /* BoomerangApp.swift */ = {isa = PBXFileReference; lastKnownFileType = sourcecode.swift; path = BoomerangApp.swift; sourceTree = "<group>"; };
		29B1D6B00F6E4168EC189C51 /* Assets.xcassets */ = {isa = PBXFileReference; lastKnownFileType = folder.assetcatalog; path = Assets.xcassets; sourceTree = "<group>"; };
		3D1E503E8C7BBE48C97E0FCD /* Persistence.swift */ = {isa = PBXFileReference; lastKnownFileType = sourcecode.swift; path = Persistence.swift; sourceTree = "<group>"; };
		428F0D9F25A466FE67F8C82D /* HeaderView.swift */ = {isa = PBXFileReference; lastKnownFileType = sourcecode.swift; path = HeaderView.swift; sourceTree = "<group>"; };
		49587016E634C9FEE96C205E /* CustomTabBar.swift */ = {isa = PBXFileReference; lastKnownFileType = sourcecode.swift; path = CustomTabBar.swift; sourceTree = "<group>"; };
		5752A8F7EDF4BAC89EEFB3E8 /* OnBoardingPhase.swift */ = {isa = PBXFileReference; lastKnownFileType = sourcecode.swift; path = OnBoardingPhase.swift; sourceTree = "<group>"; };
		5954BC614EA40FA8334C94C3 /* PopUpView.swift */ = {isa = PBXFileReference; lastKnownFileType = sourcecode.swift; path = PopUpView.swift; sourceTree = "<group>"; };
		60C817574AC01E11CC94E84A /* BoomerangCardView.swift */ = {isa = PBXFileReference; lastKnownFileType = sourcecode.swift; path = BoomerangCardView.swift; sourceTree = "<group>"; };
		61576010DE3C8398913DEA4B /* TuistAssets+Boomerang.swift */ = {isa = PBXFileReference; lastKnownFileType = sourcecode.swift; path = "TuistAssets+Boomerang.swift"; sourceTree = "<group>"; };
		64E64C298B0CB6454B320202 /* TabBarButton.swift */ = {isa = PBXFileReference; lastKnownFileType = sourcecode.swift; path = TabBarButton.swift; sourceTree = "<group>"; };
		66AC24429FD603BB6223EBED /* OnBoardingView.swift */ = {isa = PBXFileReference; lastKnownFileType = sourcecode.swift; path = OnBoardingView.swift; sourceTree = "<group>"; };
		74AC6A48EF50FD7A8A58E292 /* Spacers.swift */ = {isa = PBXFileReference; lastKnownFileType = sourcecode.swift; path = Spacers.swift; sourceTree = "<group>"; };
		8D649D6913D84B7E30E9B6E2 /* LottieHandler.swift */ = {isa = PBXFileReference; lastKnownFileType = sourcecode.swift; path = LottieHandler.swift; sourceTree = "<group>"; };
		9021961A140537AE01720A45 /* ItemCardViewModel.swift */ = {isa = PBXFileReference; lastKnownFileType = sourcecode.swift; path = ItemCardViewModel.swift; sourceTree = "<group>"; };
		929EB9E5A5D1EB2DB385ECFF /* Boomerang.app */ = {isa = PBXFileReference; explicitFileType = wrapper.application; includeInIndex = 0; path = Boomerang.app; sourceTree = BUILT_PRODUCTS_DIR; };
		97F836D06E1F56060AB15204 /* SettingViewModel.swift */ = {isa = PBXFileReference; lastKnownFileType = sourcecode.swift; path = SettingViewModel.swift; sourceTree = "<group>"; };
		99CBC2C88E14CA437A9D74EC /* Info.plist */ = {isa = PBXFileReference; lastKnownFileType = text.plist; path = Info.plist; sourceTree = "<group>"; };
		C5CAF376E7909617305D993E /* Colors++.swift */ = {isa = PBXFileReference; lastKnownFileType = sourcecode.swift; path = "Colors++.swift"; sourceTree = "<group>"; };
		D27867B6BBDF06AB5B13B27F /* HomeView.swift */ = {isa = PBXFileReference; lastKnownFileType = sourcecode.swift; path = HomeView.swift; sourceTree = "<group>"; };
		D2D5D1A495EE6ABAD769D32B /* Version.swift */ = {isa = PBXFileReference; lastKnownFileType = sourcecode.swift; path = Version.swift; sourceTree = "<group>"; };
		D7FD322B78A1B235DB38B1A5 /* RootView.swift */ = {isa = PBXFileReference; lastKnownFileType = sourcecode.swift; path = RootView.swift; sourceTree = "<group>"; };
		F1030D9D5912E652730D00A9 /* TuistBundle+Boomerang.swift */ = {isa = PBXFileReference; lastKnownFileType = sourcecode.swift; path = "TuistBundle+Boomerang.swift"; sourceTree = "<group>"; };
		F2A091B0024AC1CBF75C4AAE /* Fonts.swift */ = {isa = PBXFileReference; lastKnownFileType = sourcecode.swift; path = Fonts.swift; sourceTree = "<group>"; };
/* End PBXFileReference section */

/* Begin PBXFrameworksBuildPhase section */
		FF4D8A14FA1BA9958B8178B2 /* Frameworks */ = {
			isa = PBXFrameworksBuildPhase;
			buildActionMask = 2147483647;
			files = (
			);
			runOnlyForDeploymentPostprocessing = 0;
		};
/* End PBXFrameworksBuildPhase section */

/* Begin PBXGroup section */
		0611A1F2C3503F4CB04C7D7F /* Derived */ = {
			isa = PBXGroup;
			children = (
				145372A89CD06836F79269B9 /* Sources */,
			);
			path = Derived;
			sourceTree = "<group>";
		};
		145372A89CD06836F79269B9 /* Sources */ = {
			isa = PBXGroup;
			children = (
				61576010DE3C8398913DEA4B /* TuistAssets+Boomerang.swift */,
				F1030D9D5912E652730D00A9 /* TuistBundle+Boomerang.swift */,
			);
			path = Sources;
			sourceTree = "<group>";
		};
		1E0E9CE97FE81F4A644D068E /* Project */ = {
			isa = PBXGroup;
			children = (
				93291B09B3EB292CA9153982 /* Boomerang */,
				0611A1F2C3503F4CB04C7D7F /* Derived */,
			);
			name = Project;
			sourceTree = "<group>";
		};
		541A14D8F3C3831477DA749A = {
			isa = PBXGroup;
			children = (
				1E0E9CE97FE81F4A644D068E /* Project */,
				556EFCA37CA36D1E6F8708DF /* Products */,
			);
			sourceTree = "<group>";
		};
		556EFCA37CA36D1E6F8708DF /* Products */ = {
			isa = PBXGroup;
			children = (
				929EB9E5A5D1EB2DB385ECFF /* Boomerang.app */,
			);
			name = Products;
			sourceTree = "<group>";
		};
		70DDE6EB1DB0CF476DD61F26 /* CustomTabBar */ = {
			isa = PBXGroup;
			children = (
				49587016E634C9FEE96C205E /* CustomTabBar.swift */,
				64E64C298B0CB6454B320202 /* TabBarButton.swift */,
			);
			path = CustomTabBar;
			sourceTree = "<group>";
		};
		79E62F5F7D0DEF47C2546D4D /* OnBoarding */ = {
			isa = PBXGroup;
			children = (
				5752A8F7EDF4BAC89EEFB3E8 /* OnBoardingPhase.swift */,
				66AC24429FD603BB6223EBED /* OnBoardingView.swift */,
			);
			path = OnBoarding;
			sourceTree = "<group>";
		};
		93291B09B3EB292CA9153982 /* Boomerang */ = {
			isa = PBXGroup;
			children = (
				9F22DAF9B03F923CF0124DBB /* Handlers */,
				97F52A489A9B28F9084B290B /* Helpers */,
				B2C3999F11EAEACC13D8E785 /* View */,
				95ACDD1829181BD51F47391E /* ViewModel */,
				29B1D6B00F6E4168EC189C51 /* Assets.xcassets */,
				1E535EB0658C97E74E1100BE /* BoomerangApp.swift */,
				99CBC2C88E14CA437A9D74EC /* Info.plist */,
				3D1E503E8C7BBE48C97E0FCD /* Persistence.swift */,
				D2D5D1A495EE6ABAD769D32B /* Version.swift */,
			);
			path = Boomerang;
			sourceTree = "<group>";
		};
		95ACDD1829181BD51F47391E /* ViewModel */ = {
			isa = PBXGroup;
			children = (
				9021961A140537AE01720A45 /* ItemCardViewModel.swift */,
				97F836D06E1F56060AB15204 /* SettingViewModel.swift */,
			);
			path = ViewModel;
			sourceTree = "<group>";
		};
		97F52A489A9B28F9084B290B /* Helpers */ = {
			isa = PBXGroup;
			children = (
				C5CAF376E7909617305D993E /* Colors++.swift */,
				0A14675A7EFC386A9800718E /* Date.swift */,
				F2A091B0024AC1CBF75C4AAE /* Fonts.swift */,
				74AC6A48EF50FD7A8A58E292 /* Spacers.swift */,
			);
			path = Helpers;
			sourceTree = "<group>";
		};
		9F22DAF9B03F923CF0124DBB /* Handlers */ = {
			isa = PBXGroup;
			children = (
				8D649D6913D84B7E30E9B6E2 /* LottieHandler.swift */,
				14B78A0444CC9D0E8F97BC67 /* NotificationHandler.swift */,
			);
			path = Handlers;
			sourceTree = "<group>";
		};
		B2C3999F11EAEACC13D8E785 /* View */ = {
			isa = PBXGroup;
			children = (
				70DDE6EB1DB0CF476DD61F26 /* CustomTabBar */,
				79E62F5F7D0DEF47C2546D4D /* OnBoarding */,
				60C817574AC01E11CC94E84A /* BoomerangCardView.swift */,
				428F0D9F25A466FE67F8C82D /* HeaderView.swift */,
				D27867B6BBDF06AB5B13B27F /* HomeView.swift */,
				5954BC614EA40FA8334C94C3 /* PopUpView.swift */,
				D7FD322B78A1B235DB38B1A5 /* RootView.swift */,
				1474EEEB66B02542B7095356 /* SettingView.swift */,
			);
			path = View;
			sourceTree = "<group>";
		};
/* End PBXGroup section */

/* Begin PBXNativeTarget section */
		292A43BE996B52F6A65965BE /* Boomerang */ = {
			isa = PBXNativeTarget;
			buildConfigurationList = 2014A2CFCEA78BBF309B87CE /* Build configuration list for PBXNativeTarget "Boomerang" */;
			buildPhases = (
				EC628D2B278BB01E680A5C9A /* Sources */,
				4275326AF8B76A3B4A31DF2C /* Resources */,
				FF4D8A14FA1BA9958B8178B2 /* Frameworks */,
				053693CC74A5173BEB8A7A47 /* Embed Frameworks */,
			);
			buildRules = (
			);
			dependencies = (
			);
			name = Boomerang;
			packageProductDependencies = (
			);
			productName = Boomerang;
			productReference = 929EB9E5A5D1EB2DB385ECFF /* Boomerang.app */;
			productType = "com.apple.product-type.application";
		};
/* End PBXNativeTarget section */

/* Begin PBXProject section */
		3F82BF397D808EA7108D5355 /* Project object */ = {
			isa = PBXProject;
			attributes = {
				BuildIndependentTargetsInParallel = YES;
			};
			buildConfigurationList = F5CEC4BA31CE96650611A7E3 /* Build configuration list for PBXProject "Boomerang" */;
			compatibilityVersion = "Xcode 14.0";
			developmentRegion = en;
			hasScannedForEncodings = 0;
			knownRegions = (
				Base,
				en,
			);
			mainGroup = 541A14D8F3C3831477DA749A;
			productRefGroup = 556EFCA37CA36D1E6F8708DF /* Products */;
			projectDirPath = "";
			projectRoot = "";
			targets = (
				292A43BE996B52F6A65965BE /* Boomerang */,
			);
		};
/* End PBXProject section */

/* Begin PBXResourcesBuildPhase section */
		4275326AF8B76A3B4A31DF2C /* Resources */ = {
			isa = PBXResourcesBuildPhase;
			buildActionMask = 2147483647;
			files = (
				97B0773284CE8BCF6529204E /* Assets.xcassets in Resources */,
			);
			runOnlyForDeploymentPostprocessing = 0;
		};
/* End PBXResourcesBuildPhase section */

/* Begin PBXSourcesBuildPhase section */
		EC628D2B278BB01E680A5C9A /* Sources */ = {
			isa = PBXSourcesBuildPhase;
			buildActionMask = 2147483647;
			files = (
				59A9E78BD0AECAA95466B7E8 /* BoomerangApp.swift in Sources */,
				460281F3E4FEC62CDCD9367A /* LottieHandler.swift in Sources */,
				BF2CEC300BAD092AFF19592B /* NotificationHandler.swift in Sources */,
				C657D450B1C4868F2D01B012 /* Colors++.swift in Sources */,
				4667C256331F76F685001DE9 /* Date.swift in Sources */,
				ACB60DC75E925A9B7C2D9871 /* Fonts.swift in Sources */,
				26702E2D4210985B11914EAA /* Spacers.swift in Sources */,
				829CC8AC0AED53BF6389FDAA /* Persistence.swift in Sources */,
				37B5291DD49268ECC318F2E8 /* Version.swift in Sources */,
				5E85BF9DA48AD9D0ACC0D335 /* BoomerangCardView.swift in Sources */,
				43A7AAD8ABD24331D6B79CA1 /* CustomTabBar.swift in Sources */,
				74FCDDFA867D16EEC671625C /* TabBarButton.swift in Sources */,
				9F26E42125D23E76CACCAE0F /* HeaderView.swift in Sources */,
				975EC8104C628F770BC7AD3E /* HomeView.swift in Sources */,
				C9CF0A301CD049B6D6AD8112 /* OnBoardingPhase.swift in Sources */,
				BF6E02D96F9C878BB3EE560A /* OnBoardingView.swift in Sources */,
				1E7CE98A42285DE31D997AF1 /* PopUpView.swift in Sources */,
				3EA7AC76BB34C71C95E681EB /* RootView.swift in Sources */,
				7B914859FF13BBDD62379E24 /* SettingView.swift in Sources */,
				A66AC156AB35C0779402D39B /* ItemCardViewModel.swift in Sources */,
				CA8F0432DAF0C81D6A4AE860 /* SettingViewModel.swift in Sources */,
				87630A4EACCF719C22ADD067 /* TuistAssets+Boomerang.swift in Sources */,
				B327EE08B484BD654392F545 /* TuistBundle+Boomerang.swift in Sources */,
			);
			runOnlyForDeploymentPostprocessing = 0;
		};
/* End PBXSourcesBuildPhase section */

/* Begin XCBuildConfiguration section */
		2A2DF1778CB1A445FD65C34A /* Release */ = {
			isa = XCBuildConfiguration;
			buildSettings = {
				ASSETCATALOG_COMPILER_APPICON_NAME = AppIcon;
				CODE_SIGN_IDENTITY = "iPhone Developer";
				ENABLE_PREVIEWS = YES;
				INFOPLIST_FILE = Boomerang/Info.plist;
				LD_RUNPATH_SEARCH_PATHS = (
					"$(inherited)",
					"@executable_path/Frameworks",
				);
				PRODUCT_BUNDLE_IDENTIFIER = com.outlook;
				PRODUCT_NAME = Boomerang;
				SDKROOT = iphoneos;
				SUPPORTS_MACCATALYST = NO;
				SUPPORTS_MAC_DESIGNED_FOR_IPHONE_IPAD = YES;
				SUPPORTS_XR_DESIGNED_FOR_IPHONE_IPAD = NO;
				SWIFT_COMPILATION_MODE = wholemodule;
				SWIFT_OPTIMIZATION_LEVEL = "-Owholemodule";
				SWIFT_VERSION = 5.0;
				TARGETED_DEVICE_FAMILY = "1,2";
			};
			name = Release;
		};
		47A2A7E6BD4BB015AC9BFC53 /* Release */ = {
			isa = XCBuildConfiguration;
			buildSettings = {
				ALWAYS_SEARCH_USER_PATHS = NO;
				CLANG_ANALYZER_LOCALIZABILITY_NONLOCALIZED = YES;
				CLANG_ANALYZER_NONNULL = YES;
				CLANG_ANALYZER_NUMBER_OBJECT_CONVERSION = YES_AGGRESSIVE;
				CLANG_CXX_LANGUAGE_STANDARD = "gnu++14";
				CLANG_CXX_LIBRARY = "libc++";
				CLANG_ENABLE_MODULES = YES;
				CLANG_ENABLE_OBJC_ARC = YES;
				CLANG_ENABLE_OBJC_WEAK = YES;
				CLANG_WARN_BLOCK_CAPTURE_AUTORELEASING = YES;
				CLANG_WARN_BOOL_CONVERSION = YES;
				CLANG_WARN_COMMA = YES;
				CLANG_WARN_CONSTANT_CONVERSION = YES;
				CLANG_WARN_DEPRECATED_OBJC_IMPLEMENTATIONS = YES;
				CLANG_WARN_DIRECT_OBJC_ISA_USAGE = YES_ERROR;
				CLANG_WARN_DOCUMENTATION_COMMENTS = YES;
				CLANG_WARN_EMPTY_BODY = YES;
				CLANG_WARN_ENUM_CONVERSION = YES;
				CLANG_WARN_INFINITE_RECURSION = YES;
				CLANG_WARN_INT_CONVERSION = YES;
				CLANG_WARN_NON_LITERAL_NULL_CONVERSION = YES;
				CLANG_WARN_OBJC_IMPLICIT_RETAIN_SELF = YES;
				CLANG_WARN_OBJC_LITERAL_CONVERSION = YES;
				CLANG_WARN_OBJC_ROOT_CLASS = YES_ERROR;
				CLANG_WARN_QUOTED_INCLUDE_IN_FRAMEWORK_HEADER = YES;
				CLANG_WARN_RANGE_LOOP_ANALYSIS = YES;
				CLANG_WARN_STRICT_PROTOTYPES = YES;
				CLANG_WARN_SUSPICIOUS_MOVE = YES;
				CLANG_WARN_UNGUARDED_AVAILABILITY = YES_AGGRESSIVE;
				CLANG_WARN_UNREACHABLE_CODE = YES;
				CLANG_WARN__DUPLICATE_METHOD_MATCH = YES;
				COPY_PHASE_STRIP = NO;
				DEAD_CODE_STRIPPING = YES;
				DEBUG_INFORMATION_FORMAT = "dwarf-with-dsym";
				ENABLE_NS_ASSERTIONS = NO;
				ENABLE_STRICT_OBJC_MSGSEND = YES;
				GCC_C_LANGUAGE_STANDARD = gnu11;
				GCC_NO_COMMON_BLOCKS = YES;
				GCC_WARN_64_TO_32_BIT_CONVERSION = YES;
				GCC_WARN_ABOUT_RETURN_TYPE = YES_ERROR;
				GCC_WARN_UNDECLARED_SELECTOR = YES;
				GCC_WARN_UNINITIALIZED_AUTOS = YES_AGGRESSIVE;
				GCC_WARN_UNUSED_FUNCTION = YES;
				GCC_WARN_UNUSED_VARIABLE = YES;
				MTL_ENABLE_DEBUG_INFO = NO;
				PRODUCT_NAME = "$(TARGET_NAME)";
				VALIDATE_PRODUCT = YES;
			};
			name = Release;
		};
		D326462F8A30D8F3C479F665 /* Debug */ = {
			isa = XCBuildConfiguration;
			buildSettings = {
				ALWAYS_SEARCH_USER_PATHS = NO;
				CLANG_ANALYZER_LOCALIZABILITY_NONLOCALIZED = YES;
				CLANG_ANALYZER_NONNULL = YES;
				CLANG_ANALYZER_NUMBER_OBJECT_CONVERSION = YES_AGGRESSIVE;
				CLANG_CXX_LANGUAGE_STANDARD = "gnu++14";
				CLANG_CXX_LIBRARY = "libc++";
				CLANG_ENABLE_MODULES = YES;
				CLANG_ENABLE_OBJC_ARC = YES;
				CLANG_ENABLE_OBJC_WEAK = YES;
				CLANG_WARN_BLOCK_CAPTURE_AUTORELEASING = YES;
				CLANG_WARN_BOOL_CONVERSION = YES;
				CLANG_WARN_COMMA = YES;
				CLANG_WARN_CONSTANT_CONVERSION = YES;
				CLANG_WARN_DEPRECATED_OBJC_IMPLEMENTATIONS = YES;
				CLANG_WARN_DIRECT_OBJC_ISA_USAGE = YES_ERROR;
				CLANG_WARN_DOCUMENTATION_COMMENTS = YES;
				CLANG_WARN_EMPTY_BODY = YES;
				CLANG_WARN_ENUM_CONVERSION = YES;
				CLANG_WARN_INFINITE_RECURSION = YES;
				CLANG_WARN_INT_CONVERSION = YES;
				CLANG_WARN_NON_LITERAL_NULL_CONVERSION = YES;
				CLANG_WARN_OBJC_IMPLICIT_RETAIN_SELF = YES;
				CLANG_WARN_OBJC_LITERAL_CONVERSION = YES;
				CLANG_WARN_OBJC_ROOT_CLASS = YES_ERROR;
				CLANG_WARN_QUOTED_INCLUDE_IN_FRAMEWORK_HEADER = YES;
				CLANG_WARN_RANGE_LOOP_ANALYSIS = YES;
				CLANG_WARN_STRICT_PROTOTYPES = YES;
				CLANG_WARN_SUSPICIOUS_MOVE = YES;
				CLANG_WARN_UNGUARDED_AVAILABILITY = YES_AGGRESSIVE;
				CLANG_WARN_UNREACHABLE_CODE = YES;
				CLANG_WARN__DUPLICATE_METHOD_MATCH = YES;
				COPY_PHASE_STRIP = NO;
				DEAD_CODE_STRIPPING = YES;
				DEBUG_INFORMATION_FORMAT = dwarf;
				ENABLE_STRICT_OBJC_MSGSEND = YES;
				ENABLE_TESTABILITY = YES;
				GCC_C_LANGUAGE_STANDARD = gnu11;
				GCC_DYNAMIC_NO_PIC = NO;
				GCC_NO_COMMON_BLOCKS = YES;
				GCC_OPTIMIZATION_LEVEL = 0;
				GCC_PREPROCESSOR_DEFINITIONS = (
					"DEBUG=1",
					"$(inherited)",
				);
				GCC_WARN_64_TO_32_BIT_CONVERSION = YES;
				GCC_WARN_ABOUT_RETURN_TYPE = YES_ERROR;
				GCC_WARN_UNDECLARED_SELECTOR = YES;
				GCC_WARN_UNINITIALIZED_AUTOS = YES_AGGRESSIVE;
				GCC_WARN_UNUSED_FUNCTION = YES;
				GCC_WARN_UNUSED_VARIABLE = YES;
				MTL_ENABLE_DEBUG_INFO = YES;
				ONLY_ACTIVE_ARCH = YES;
				PRODUCT_NAME = "$(TARGET_NAME)";
			};
			name = Debug;
		};
		E5BFDA879C3355F7DD9FAE09 /* Debug */ = {
			isa = XCBuildConfiguration;
			buildSettings = {
				ASSETCATALOG_COMPILER_APPICON_NAME = AppIcon;
				CODE_SIGN_IDENTITY = "iPhone Developer";
				ENABLE_PREVIEWS = YES;
				INFOPLIST_FILE = Boomerang/Info.plist;
				LD_RUNPATH_SEARCH_PATHS = (
					"$(inherited)",
					"@executable_path/Frameworks",
				);
				PRODUCT_BUNDLE_IDENTIFIER = com.outlook;
				PRODUCT_NAME = Boomerang;
				SDKROOT = iphoneos;
				SUPPORTS_MACCATALYST = NO;
				SUPPORTS_MAC_DESIGNED_FOR_IPHONE_IPAD = YES;
				SUPPORTS_XR_DESIGNED_FOR_IPHONE_IPAD = NO;
				SWIFT_ACTIVE_COMPILATION_CONDITIONS = (
					"$(inherited)",
					DEBUG,
				);
				SWIFT_COMPILATION_MODE = singlefile;
				SWIFT_OPTIMIZATION_LEVEL = "-Onone";
				SWIFT_VERSION = 5.0;
				TARGETED_DEVICE_FAMILY = "1,2";
			};
			name = Debug;
		};
/* End XCBuildConfiguration section */

/* Begin XCConfigurationList section */
		2014A2CFCEA78BBF309B87CE /* Build configuration list for PBXNativeTarget "Boomerang" */ = {
			isa = XCConfigurationList;
			buildConfigurations = (
				E5BFDA879C3355F7DD9FAE09 /* Debug */,
				2A2DF1778CB1A445FD65C34A /* Release */,
			);
			defaultConfigurationIsVisible = 0;
			defaultConfigurationName = Release;
		};
		F5CEC4BA31CE96650611A7E3 /* Build configuration list for PBXProject "Boomerang" */ = {
			isa = XCConfigurationList;
			buildConfigurations = (
				D326462F8A30D8F3C479F665 /* Debug */,
				47A2A7E6BD4BB015AC9BFC53 /* Release */,
			);
			defaultConfigurationIsVisible = 0;
			defaultConfigurationName = Release;
		};
/* End XCConfigurationList section */
	};
	rootObject = 3F82BF397D808EA7108D5355 /* Project object */;
}
